// !$*UTF8*$!
{
	archiveVersion = 1;
	classes = {
	};
	objectVersion = 46;
	objects = {

/* Begin PBXBuildFile section */
		5635FF481AE426B900149BA9 /* AppDelegate.swift in Sources */ = {isa = PBXBuildFile; fileRef = 5635FF471AE426B900149BA9 /* AppDelegate.swift */; };
		5635FF4A1AE426B900149BA9 /* TipsViewController.swift in Sources */ = {isa = PBXBuildFile; fileRef = 5635FF491AE426B900149BA9 /* TipsViewController.swift */; };
		5635FF4D1AE426B900149BA9 /* Main.storyboard in Resources */ = {isa = PBXBuildFile; fileRef = 5635FF4B1AE426B900149BA9 /* Main.storyboard */; };
		5635FF4F1AE426B900149BA9 /* Images.xcassets in Resources */ = {isa = PBXBuildFile; fileRef = 5635FF4E1AE426B900149BA9 /* Images.xcassets */; };
		5635FF521AE426B900149BA9 /* LaunchScreen.xib in Resources */ = {isa = PBXBuildFile; fileRef = 5635FF501AE426B900149BA9 /* LaunchScreen.xib */; };
		5635FF5E1AE426B900149BA9 /* tips2Tests.swift in Sources */ = {isa = PBXBuildFile; fileRef = 5635FF5D1AE426B900149BA9 /* tips2Tests.swift */; };
		5635FF681AE5580000149BA9 /* Settings.swift in Sources */ = {isa = PBXBuildFile; fileRef = 5635FF671AE5580000149BA9 /* Settings.swift */; };
		5635FF6A1AE5944C00149BA9 /* SettingsViewController.swift in Sources */ = {isa = PBXBuildFile; fileRef = 5635FF691AE5944C00149BA9 /* SettingsViewController.swift */; };
		5635FF6E1AE597C200149BA9 /* Test2ViewController.swift in Sources */ = {isa = PBXBuildFile; fileRef = 5635FF6D1AE597C200149BA9 /* Test2ViewController.swift */; };
/* End PBXBuildFile section */

/* Begin PBXContainerItemProxy section */
		5635FF581AE426B900149BA9 /* PBXContainerItemProxy */ = {
			isa = PBXContainerItemProxy;
			containerPortal = 5635FF3A1AE426B900149BA9 /* Project object */;
			proxyType = 1;
			remoteGlobalIDString = 5635FF411AE426B900149BA9;
			remoteInfo = tips2;
		};
/* End PBXContainerItemProxy section */

/* Begin PBXFileReference section */
		5635FF421AE426B900149BA9 /* tips2.app */ = {isa = PBXFileReference; explicitFileType = wrapper.application; includeInIndex = 0; path = tips2.app; sourceTree = BUILT_PRODUCTS_DIR; };
		5635FF461AE426B900149BA9 /* Info.plist */ = {isa = PBXFileReference; lastKnownFileType = text.plist.xml; path = Info.plist; sourceTree = "<group>"; };
		5635FF471AE426B900149BA9 /* AppDelegate.swift */ = {isa = PBXFileReference; lastKnownFileType = sourcecode.swift; path = AppDelegate.swift; sourceTree = "<group>"; };
		5635FF491AE426B900149BA9 /* TipsViewController.swift */ = {isa = PBXFileReference; lastKnownFileType = sourcecode.swift; path = TipsViewController.swift; sourceTree = "<group>"; };
		5635FF4C1AE426B900149BA9 /* Base */ = {isa = PBXFileReference; lastKnownFileType = file.storyboard; name = Base; path = Base.lproj/Main.storyboard; sourceTree = "<group>"; };
		5635FF4E1AE426B900149BA9 /* Images.xcassets */ = {isa = PBXFileReference; lastKnownFileType = folder.assetcatalog; path = Images.xcassets; sourceTree = "<group>"; };
		5635FF511AE426B900149BA9 /* Base */ = {isa = PBXFileReference; lastKnownFileType = file.xib; name = Base; path = Base.lproj/LaunchScreen.xib; sourceTree = "<group>"; };
		5635FF571AE426B900149BA9 /* tips2Tests.xctest */ = {isa = PBXFileReference; explicitFileType = wrapper.cfbundle; includeInIndex = 0; path = tips2Tests.xctest; sourceTree = BUILT_PRODUCTS_DIR; };
		5635FF5C1AE426B900149BA9 /* Info.plist */ = {isa = PBXFileReference; lastKnownFileType = text.plist.xml; path = Info.plist; sourceTree = "<group>"; };
		5635FF5D1AE426B900149BA9 /* tips2Tests.swift */ = {isa = PBXFileReference; lastKnownFileType = sourcecode.swift; path = tips2Tests.swift; sourceTree = "<group>"; };
		5635FF671AE5580000149BA9 /* Settings.swift */ = {isa = PBXFileReference; fileEncoding = 4; lastKnownFileType = sourcecode.swift; path = Settings.swift; sourceTree = SOURCE_ROOT; };
		5635FF691AE5944C00149BA9 /* SettingsViewController.swift */ = {isa = PBXFileReference; fileEncoding = 4; lastKnownFileType = sourcecode.swift; path = SettingsViewController.swift; sourceTree = "<group>"; };
		5635FF6D1AE597C200149BA9 /* Test2ViewController.swift */ = {isa = PBXFileReference; fileEncoding = 4; lastKnownFileType = sourcecode.swift; path = Test2ViewController.swift; sourceTree = "<group>"; };
/* End PBXFileReference section */

/* Begin PBXFrameworksBuildPhase section */
		5635FF3F1AE426B900149BA9 /* Frameworks */ = {
			isa = PBXFrameworksBuildPhase;
			buildActionMask = 2147483647;
			files = (
			);
			runOnlyForDeploymentPostprocessing = 0;
		};
		5635FF541AE426B900149BA9 /* Frameworks */ = {
			isa = PBXFrameworksBuildPhase;
			buildActionMask = 2147483647;
			files = (
			);
			runOnlyForDeploymentPostprocessing = 0;
		};
/* End PBXFrameworksBuildPhase section */

/* Begin PBXGroup section */
		5635FF391AE426B900149BA9 = {
			isa = PBXGroup;
			children = (
				5635FF671AE5580000149BA9 /* Settings.swift */,
				5635FF441AE426B900149BA9 /* tips2 */,
				5635FF5A1AE426B900149BA9 /* tips2Tests */,
				5635FF431AE426B900149BA9 /* Products */,
			);
			sourceTree = "<group>";
		};
		5635FF431AE426B900149BA9 /* Products */ = {
			isa = PBXGroup;
			children = (
				5635FF421AE426B900149BA9 /* tips2.app */,
				5635FF571AE426B900149BA9 /* tips2Tests.xctest */,
			);
			name = Products;
			sourceTree = "<group>";
		};
		5635FF441AE426B900149BA9 /* tips2 */ = {
			isa = PBXGroup;
			children = (
				5635FF471AE426B900149BA9 /* AppDelegate.swift */,
				5635FF491AE426B900149BA9 /* TipsViewController.swift */,
				5635FF6D1AE597C200149BA9 /* Test2ViewController.swift */,
				5635FF4B1AE426B900149BA9 /* Main.storyboard */,
				5635FF691AE5944C00149BA9 /* SettingsViewController.swift */,
				5635FF4E1AE426B900149BA9 /* Images.xcassets */,
				5635FF501AE426B900149BA9 /* LaunchScreen.xib */,
				5635FF451AE426B900149BA9 /* Supporting Files */,
			);
			path = tips2;
			sourceTree = "<group>";
		};
		5635FF451AE426B900149BA9 /* Supporting Files */ = {
			isa = PBXGroup;
			children = (
				5635FF461AE426B900149BA9 /* Info.plist */,
			);
			name = "Supporting Files";
			sourceTree = "<group>";
		};
		5635FF5A1AE426B900149BA9 /* tips2Tests */ = {
			isa = PBXGroup;
			children = (
				5635FF5D1AE426B900149BA9 /* tips2Tests.swift */,
				5635FF5B1AE426B900149BA9 /* Supporting Files */,
			);
			path = tips2Tests;
			sourceTree = "<group>";
		};
		5635FF5B1AE426B900149BA9 /* Supporting Files */ = {
			isa = PBXGroup;
			children = (
				5635FF5C1AE426B900149BA9 /* Info.plist */,
			);
			name = "Supporting Files";
			sourceTree = "<group>";
		};
/* End PBXGroup section */

/* Begin PBXNativeTarget section */
		5635FF411AE426B900149BA9 /* tips2 */ = {
			isa = PBXNativeTarget;
			buildConfigurationList = 5635FF611AE426B900149BA9 /* Build configuration list for PBXNativeTarget "tips2" */;
			buildPhases = (
				5635FF3E1AE426B900149BA9 /* Sources */,
				5635FF3F1AE426B900149BA9 /* Frameworks */,
				5635FF401AE426B900149BA9 /* Resources */,
			);
			buildRules = (
			);
			dependencies = (
			);
			name = tips2;
			productName = tips2;
			productReference = 5635FF421AE426B900149BA9 /* tips2.app */;
			productType = "com.apple.product-type.application";
		};
		5635FF561AE426B900149BA9 /* tips2Tests */ = {
			isa = PBXNativeTarget;
			buildConfigurationList = 5635FF641AE426B900149BA9 /* Build configuration list for PBXNativeTarget "tips2Tests" */;
			buildPhases = (
				5635FF531AE426B900149BA9 /* Sources */,
				5635FF541AE426B900149BA9 /* Frameworks */,
				5635FF551AE426B900149BA9 /* Resources */,
			);
			buildRules = (
			);
			dependencies = (
				5635FF591AE426B900149BA9 /* PBXTargetDependency */,
			);
			name = tips2Tests;
			productName = tips2Tests;
			productReference = 5635FF571AE426B900149BA9 /* tips2Tests.xctest */;
			productType = "com.apple.product-type.bundle.unit-test";
		};
/* End PBXNativeTarget section */

/* Begin PBXProject section */
		5635FF3A1AE426B900149BA9 /* Project object */ = {
			isa = PBXProject;
			attributes = {
				LastUpgradeCheck = 0610;
				ORGANIZATIONNAME = "Steve Wan";
				TargetAttributes = {
					5635FF411AE426B900149BA9 = {
						CreatedOnToolsVersion = 6.1.1;
					};
					5635FF561AE426B900149BA9 = {
						CreatedOnToolsVersion = 6.1.1;
						TestTargetID = 5635FF411AE426B900149BA9;
					};
				};
			};
			buildConfigurationList = 5635FF3D1AE426B900149BA9 /* Build configuration list for PBXProject "tips2" */;
			compatibilityVersion = "Xcode 3.2";
			developmentRegion = English;
			hasScannedForEncodings = 0;
			knownRegions = (
				en,
				Base,
			);
			mainGroup = 5635FF391AE426B900149BA9;
			productRefGroup = 5635FF431AE426B900149BA9 /* Products */;
			projectDirPath = "";
			projectRoot = "";
			targets = (
				5635FF411AE426B900149BA9 /* tips2 */,
				5635FF561AE426B900149BA9 /* tips2Tests */,
			);
		};
/* End PBXProject section */

/* Begin PBXResourcesBuildPhase section */
		5635FF401AE426B900149BA9 /* Resources */ = {
			isa = PBXResourcesBuildPhase;
			buildActionMask = 2147483647;
			files = (
				5635FF4D1AE426B900149BA9 /* Main.storyboard in Resources */,
				5635FF521AE426B900149BA9 /* LaunchScreen.xib in Resources */,
				5635FF4F1AE426B900149BA9 /* Images.xcassets in Resources */,
			);
			runOnlyForDeploymentPostprocessing = 0;
		};
		5635FF551AE426B900149BA9 /* Resources */ = {
			isa = PBXResourcesBuildPhase;
			buildActionMask = 2147483647;
			files = (
			);
			runOnlyForDeploymentPostprocessing = 0;
		};
/* End PBXResourcesBuildPhase section */

/* Begin PBXSourcesBuildPhase section */
		5635FF3E1AE426B900149BA9 /* Sources */ = {
			isa = PBXSourcesBuildPhase;
			buildActionMask = 2147483647;
			files = (
				5635FF6E1AE597C200149BA9 /* Test2ViewController.swift in Sources */,
				5635FF681AE5580000149BA9 /* Settings.swift in Sources */,
				5635FF4A1AE426B900149BA9 /* TipsViewController.swift in Sources */,
				5635FF481AE426B900149BA9 /* AppDelegate.swift in Sources */,
				5635FF6A1AE5944C00149BA9 /* SettingsViewController.swift in Sources */,
			);
			runOnlyForDeploymentPostprocessing = 0;
		};
		5635FF531AE426B900149BA9 /* Sources */ = {
			isa = PBXSourcesBuildPhase;
			buildActionMask = 2147483647;
			files = (
				5635FF5E1AE426B900149BA9 /* tips2Tests.swift in Sources */,
			);
			runOnlyForDeploymentPostprocessing = 0;
		};
/* End PBXSourcesBuildPhase section */

/* Begin PBXTargetDependency section */
		5635FF591AE426B900149BA9 /* PBXTargetDependency */ = {
			isa = PBXTargetDependency;
			target = 5635FF411AE426B900149BA9 /* tips2 */;
			targetProxy = 5635FF581AE426B900149BA9 /* PBXContainerItemProxy */;
		};
/* End PBXTargetDependency section */

/* Begin PBXVariantGroup section */
		5635FF4B1AE426B900149BA9 /* Main.storyboard */ = {
			isa = PBXVariantGroup;
			children = (
				5635FF4C1AE426B900149BA9 /* Base */,
			);
			name = Main.storyboard;
			sourceTree = "<group>";
		};
		5635FF501AE426B900149BA9 /* LaunchScreen.xib */ = {
			isa = PBXVariantGroup;
			children = (
				5635FF511AE426B900149BA9 /* Base */,
			);
			name = LaunchScreen.xib;
			sourceTree = "<group>";
		};
/* End PBXVariantGroup section */

/* Begin XCBuildConfiguration section */
		5635FF5F1AE426B900149BA9 /* Debug */ = {
			isa = XCBuildConfiguration;
			buildSettings = {
				ALWAYS_SEARCH_USER_PATHS = NO;
				CLANG_CXX_LANGUAGE_STANDARD = "gnu++0x";
				CLANG_CXX_LIBRARY = "libc++";
				CLANG_ENABLE_MODULES = YES;
				CLANG_ENABLE_OBJC_ARC = YES;
				CLANG_WARN_BOOL_CONVERSION = YES;
				CLANG_WARN_CONSTANT_CONVERSION = YES;
				CLANG_WARN_DIRECT_OBJC_ISA_USAGE = YES_ERROR;
				CLANG_WARN_EMPTY_BODY = YES;
				CLANG_WARN_ENUM_CONVERSION = YES;
				CLANG_WARN_INT_CONVERSION = YES;
				CLANG_WARN_OBJC_ROOT_CLASS = YES_ERROR;
				CLANG_WARN_UNREACHABLE_CODE = YES;
				CLANG_WARN__DUPLICATE_METHOD_MATCH = YES;
				"CODE_SIGN_IDENTITY[sdk=iphoneos*]" = "iPhone Developer";
				COPY_PHASE_STRIP = NO;
				ENABLE_STRICT_OBJC_MSGSEND = YES;
				GCC_C_LANGUAGE_STANDARD = gnu99;
				GCC_DYNAMIC_NO_PIC = NO;
				GCC_OPTIMIZATION_LEVEL = 0;
				GCC_PREPROCESSOR_DEFINITIONS = (
					"DEBUG=1",
					"$(inherited)",
				);
				GCC_SYMBOLS_PRIVATE_EXTERN = NO;
				GCC_WARN_64_TO_32_BIT_CONVERSION = YES;
				GCC_WARN_ABOUT_RETURN_TYPE = YES_ERROR;
				GCC_WARN_UNDECLARED_SELECTOR = YES;
				GCC_WARN_UNINITIALIZED_AUTOS = YES_AGGRESSIVE;
				GCC_WARN_UNUSED_FUNCTION = YES;
				GCC_WARN_UNUSED_VARIABLE = YES;
				IPHONEOS_DEPLOYMENT_TARGET = 8.1;
				MTL_ENABLE_DEBUG_INFO = YES;
				ONLY_ACTIVE_ARCH = YES;
				SDKROOT = iphoneos;
				SWIFT_OPTIMIZATION_LEVEL = "-Onone";
			};
			name = Debug;
		};
		5635FF601AE426B900149BA9 /* Release */ = {
			isa = XCBuildConfiguration;
			buildSettings = {
				ALWAYS_SEARCH_USER_PATHS = NO;
				CLANG_CXX_LANGUAGE_STANDARD = "gnu++0x";
				CLANG_CXX_LIBRARY = "libc++";
				CLANG_ENABLE_MODULES = YES;
				CLANG_ENABLE_OBJC_ARC = YES;
				CLANG_WARN_BOOL_CONVERSION = YES;
				CLANG_WARN_CONSTANT_CONVERSION = YES;
				CLANG_WARN_DIRECT_OBJC_ISA_USAGE = YES_ERROR;
				CLANG_WARN_EMPTY_BODY = YES;
				CLANG_WARN_ENUM_CONVERSION = YES;
				CLANG_WARN_INT_CONVERSION = YES;
				CLANG_WARN_OBJC_ROOT_CLASS = YES_ERROR;
				CLANG_WARN_UNREACHABLE_CODE = YES;
				CLANG_WARN__DUPLICATE_METHOD_MATCH = YES;
				"CODE_SIGN_IDENTITY[sdk=iphoneos*]" = "iPhone Developer";
				COPY_PHASE_STRIP = YES;
				ENABLE_NS_ASSERTIONS = NO;
				ENABLE_STRICT_OBJC_MSGSEND = YES;
				GCC_C_LANGUAGE_STANDARD = gnu99;
				GCC_WARN_64_TO_32_BIT_CONVERSION = YES;
				GCC_WARN_ABOUT_RETURN_TYPE = YES_ERROR;
				GCC_WARN_UNDECLARED_SELECTOR = YES;
				GCC_WARN_UNINITIALIZED_AUTOS = YES_AGGRESSIVE;
				GCC_WARN_UNUSED_FUNCTION = YES;
				GCC_WARN_UNUSED_VARIABLE = YES;
				IPHONEOS_DEPLOYMENT_TARGET = 8.1;
				MTL_ENABLE_DEBUG_INFO = NO;
				SDKROOT = iphoneos;
				VALIDATE_PRODUCT = YES;
			};
			name = Release;
		};
		5635FF621AE426B900149BA9 /* Debug */ = {
			isa = XCBuildConfiguration;
			buildSettings = {
				ASSETCATALOG_COMPILER_APPICON_NAME = AppIcon;
				INFOPLIST_FILE = tips2/Info.plist;
				LD_RUNPATH_SEARCH_PATHS = "$(inherited) @executable_path/Frameworks";
				PRODUCT_NAME = "$(TARGET_NAME)";
			};
			name = Debug;
		};
		5635FF631AE426B900149BA9 /* Release */ = {
			isa = XCBuildConfiguration;
			buildSettings = {
				ASSETCATALOG_COMPILER_APPICON_NAME = AppIcon;
				INFOPLIST_FILE = tips2/Info.plist;
				LD_RUNPATH_SEARCH_PATHS = "$(inherited) @executable_path/Frameworks";
				PRODUCT_NAME = "$(TARGET_NAME)";
			};
			name = Release;
		};
		5635FF651AE426B900149BA9 /* Debug */ = {
			isa = XCBuildConfiguration;
			buildSettings = {
				BUNDLE_LOADER = "$(TEST_HOST)";
				FRAMEWORK_SEARCH_PATHS = (
					"$(SDKROOT)/Developer/Library/Frameworks",
					"$(inherited)",
				);
				GCC_PREPROCESSOR_DEFINITIONS = (
					"DEBUG=1",
					"$(inherited)",
				);
				INFOPLIST_FILE = tips2Tests/Info.plist;
				LD_RUNPATH_SEARCH_PATHS = "$(inherited) @executable_path/Frameworks @loader_path/Frameworks";
				PRODUCT_NAME = "$(TARGET_NAME)";
				TEST_HOST = "$(BUILT_PRODUCTS_DIR)/tips2.app/tips2";
			};
			name = Debug;
		};
		5635FF661AE426B900149BA9 /* Release */ = {
			isa = XCBuildConfiguration;
			buildSettings = {
				BUNDLE_LOADER = "$(TEST_HOST)";
				FRAMEWORK_SEARCH_PATHS = (
					"$(SDKROOT)/Developer/Library/Frameworks",
					"$(inherited)",
				);
				INFOPLIST_FILE = tips2Tests/Info.plist;
				LD_RUNPATH_SEARCH_PATHS = "$(inherited) @executable_path/Frameworks @loader_path/Frameworks";
				PRODUCT_NAME = "$(TARGET_NAME)";
				TEST_HOST = "$(BUILT_PRODUCTS_DIR)/tips2.app/tips2";
			};
			name = Release;
		};
/* End XCBuildConfiguration section */

/* Begin XCConfigurationList section */
		5635FF3D1AE426B900149BA9 /* Build configuration list for PBXProject "tips2" */ = {
			isa = XCConfigurationList;
			buildConfigurations = (
				5635FF5F1AE426B900149BA9 /* Debug */,
				5635FF601AE426B900149BA9 /* Release */,
			);
			defaultConfigurationIsVisible = 0;
			defaultConfigurationName = Release;
		};
		5635FF611AE426B900149BA9 /* Build configuration list for PBXNativeTarget "tips2" */ = {
			isa = XCConfigurationList;
			buildConfigurations = (
				5635FF621AE426B900149BA9 /* Debug */,
				5635FF631AE426B900149BA9 /* Release */,
			);
			defaultConfigurationIsVisible = 0;
		};
		5635FF641AE426B900149BA9 /* Build configuration list for PBXNativeTarget "tips2Tests" */ = {
			isa = XCConfigurationList;
			buildConfigurations = (
				5635FF651AE426B900149BA9 /* Debug */,
				5635FF661AE426B900149BA9 /* Release */,
			);
			defaultConfigurationIsVisible = 0;
		};
/* End XCConfigurationList section */
	};
	rootObject = 5635FF3A1AE426B900149BA9 /* Project object */;
}
